// !$*UTF8*$!
{
	archiveVersion = 1;
	classes = {
	};
	objectVersion = 46;
	objects = {

/* Begin PBXBuildFile section */
		15BB34341854D5520084C21D /* Foundation.framework in Frameworks */ = {isa = PBXBuildFile; fileRef = 15BB34331854D5520084C21D /* Foundation.framework */; };
		15BB34361854D5520084C21D /* CoreGraphics.framework in Frameworks */ = {isa = PBXBuildFile; fileRef = 15BB34351854D5520084C21D /* CoreGraphics.framework */; };
		15BB34381854D5520084C21D /* UIKit.framework in Frameworks */ = {isa = PBXBuildFile; fileRef = 15BB34371854D5520084C21D /* UIKit.framework */; };
		15BB343E1854D5520084C21D /* InfoPlist.strings in Resources */ = {isa = PBXBuildFile; fileRef = 15BB343C1854D5520084C21D /* InfoPlist.strings */; };
		15BB34401854D5520084C21D /* main.m in Sources */ = {isa = PBXBuildFile; fileRef = 15BB343F1854D5520084C21D /* main.m */; };
		15BB34441854D5520084C21D /* CQAppDelegate.m in Sources */ = {isa = PBXBuildFile; fileRef = 15BB34431854D5520084C21D /* CQAppDelegate.m */; };
		15BB34471854D5520084C21D /* Main.storyboard in Resources */ = {isa = PBXBuildFile; fileRef = 15BB34451854D5520084C21D /* Main.storyboard */; };
		15BB344A1854D5520084C21D /* CQViewController.m in Sources */ = {isa = PBXBuildFile; fileRef = 15BB34491854D5520084C21D /* CQViewController.m */; };
		15BB344C1854D5520084C21D /* Images.xcassets in Resources */ = {isa = PBXBuildFile; fileRef = 15BB344B1854D5520084C21D /* Images.xcassets */; };
		15BB34531854D5520084C21D /* XCTest.framework in Frameworks */ = {isa = PBXBuildFile; fileRef = 15BB34521854D5520084C21D /* XCTest.framework */; };
		15BB34541854D5520084C21D /* Foundation.framework in Frameworks */ = {isa = PBXBuildFile; fileRef = 15BB34331854D5520084C21D /* Foundation.framework */; };
		15BB34551854D5520084C21D /* UIKit.framework in Frameworks */ = {isa = PBXBuildFile; fileRef = 15BB34371854D5520084C21D /* UIKit.framework */; };
		15BB345D1854D5520084C21D /* InfoPlist.strings in Resources */ = {isa = PBXBuildFile; fileRef = 15BB345B1854D5520084C21D /* InfoPlist.strings */; };
		15BB345F1854D5520084C21D /* iphone_newTests.m in Sources */ = {isa = PBXBuildFile; fileRef = 15BB345E1854D5520084C21D /* iphone_newTests.m */; };
/* End PBXBuildFile section */

/* Begin PBXContainerItemProxy section */
		15BB34561854D5520084C21D /* PBXContainerItemProxy */ = {
			isa = PBXContainerItemProxy;
			containerPortal = 15BB34281854D5520084C21D /* Project object */;
			proxyType = 1;
			remoteGlobalIDString = 15BB342F1854D5520084C21D;
			remoteInfo = iphone_new;
		};
/* End PBXContainerItemProxy section */

/* Begin PBXFileReference section */
		15BB34301854D5520084C21D /* iphone_new.app */ = {isa = PBXFileReference; explicitFileType = wrapper.application; includeInIndex = 0; path = iphone_new.app; sourceTree = BUILT_PRODUCTS_DIR; };
		15BB34331854D5520084C21D /* Foundation.framework */ = {isa = PBXFileReference; lastKnownFileType = wrapper.framework; name = Foundation.framework; path = System/Library/Frameworks/Foundation.framework; sourceTree = SDKROOT; };
		15BB34351854D5520084C21D /* CoreGraphics.framework */ = {isa = PBXFileReference; lastKnownFileType = wrapper.framework; name = CoreGraphics.framework; path = System/Library/Frameworks/CoreGraphics.framework; sourceTree = SDKROOT; };
		15BB34371854D5520084C21D /* UIKit.framework */ = {isa = PBXFileReference; lastKnownFileType = wrapper.framework; name = UIKit.framework; path = System/Library/Frameworks/UIKit.framework; sourceTree = SDKROOT; };
		15BB343B1854D5520084C21D /* iphone_new-Info.plist */ = {isa = PBXFileReference; lastKnownFileType = text.plist.xml; path = "iphone_new-Info.plist"; sourceTree = "<group>"; };
		15BB343D1854D5520084C21D /* en */ = {isa = PBXFileReference; lastKnownFileType = text.plist.strings; name = en; path = en.lproj/InfoPlist.strings; sourceTree = "<group>"; };
		15BB343F1854D5520084C21D /* main.m */ = {isa = PBXFileReference; lastKnownFileType = sourcecode.c.objc; path = main.m; sourceTree = "<group>"; };
		15BB34411854D5520084C21D /* iphone_new-Prefix.pch */ = {isa = PBXFileReference; lastKnownFileType = sourcecode.c.h; path = "iphone_new-Prefix.pch"; sourceTree = "<group>"; };
		15BB34421854D5520084C21D /* CQAppDelegate.h */ = {isa = PBXFileReference; lastKnownFileType = sourcecode.c.h; path = CQAppDelegate.h; sourceTree = "<group>"; };
		15BB34431854D5520084C21D /* CQAppDelegate.m */ = {isa = PBXFileReference; lastKnownFileType = sourcecode.c.objc; path = CQAppDelegate.m; sourceTree = "<group>"; };
		15BB34461854D5520084C21D /* Base */ = {isa = PBXFileReference; lastKnownFileType = file.storyboard; name = Base; path = Base.lproj/Main.storyboard; sourceTree = "<group>"; };
		15BB34481854D5520084C21D /* CQViewController.h */ = {isa = PBXFileReference; lastKnownFileType = sourcecode.c.h; path = CQViewController.h; sourceTree = "<group>"; };
		15BB34491854D5520084C21D /* CQViewController.m */ = {isa = PBXFileReference; lastKnownFileType = sourcecode.c.objc; path = CQViewController.m; sourceTree = "<group>"; };
		15BB344B1854D5520084C21D /* Images.xcassets */ = {isa = PBXFileReference; lastKnownFileType = folder.assetcatalog; path = Images.xcassets; sourceTree = "<group>"; };
		15BB34511854D5520084C21D /* iphone_newTests.xctest */ = {isa = PBXFileReference; explicitFileType = wrapper.cfbundle; includeInIndex = 0; path = iphone_newTests.xctest; sourceTree = BUILT_PRODUCTS_DIR; };
		15BB34521854D5520084C21D /* XCTest.framework */ = {isa = PBXFileReference; lastKnownFileType = wrapper.framework; name = XCTest.framework; path = Library/Frameworks/XCTest.framework; sourceTree = DEVELOPER_DIR; };
		15BB345A1854D5520084C21D /* iphone_newTests-Info.plist */ = {isa = PBXFileReference; lastKnownFileType = text.plist.xml; path = "iphone_newTests-Info.plist"; sourceTree = "<group>"; };
		15BB345C1854D5520084C21D /* en */ = {isa = PBXFileReference; lastKnownFileType = text.plist.strings; name = en; path = en.lproj/InfoPlist.strings; sourceTree = "<group>"; };
		15BB345E1854D5520084C21D /* iphone_newTests.m */ = {isa = PBXFileReference; lastKnownFileType = sourcecode.c.objc; path = iphone_newTests.m; sourceTree = "<group>"; };
/* End PBXFileReference section */

/* Begin PBXFrameworksBuildPhase section */
		15BB342D1854D5520084C21D /* Frameworks */ = {
			isa = PBXFrameworksBuildPhase;
			buildActionMask = 2147483647;
			files = (
				15BB34361854D5520084C21D /* CoreGraphics.framework in Frameworks */,
				15BB34381854D5520084C21D /* UIKit.framework in Frameworks */,
				15BB34341854D5520084C21D /* Foundation.framework in Frameworks */,
			);
			runOnlyForDeploymentPostprocessing = 0;
		};
		15BB344E1854D5520084C21D /* Frameworks */ = {
			isa = PBXFrameworksBuildPhase;
			buildActionMask = 2147483647;
			files = (
				15BB34531854D5520084C21D /* XCTest.framework in Frameworks */,
				15BB34551854D5520084C21D /* UIKit.framework in Frameworks */,
				15BB34541854D5520084C21D /* Foundation.framework in Frameworks */,
			);
			runOnlyForDeploymentPostprocessing = 0;
		};
/* End PBXFrameworksBuildPhase section */

/* Begin PBXGroup section */
		15BB34271854D5520084C21D = {
			isa = PBXGroup;
			children = (
				15BB34391854D5520084C21D /* iphone_new */,
				15BB34581854D5520084C21D /* iphone_newTests */,
				15BB34321854D5520084C21D /* Frameworks */,
				15BB34311854D5520084C21D /* Products */,
			);
			sourceTree = "<group>";
		};
		15BB34311854D5520084C21D /* Products */ = {
			isa = PBXGroup;
			children = (
				15BB34301854D5520084C21D /* iphone_new.app */,
				15BB34511854D5520084C21D /* iphone_newTests.xctest */,
			);
			name = Products;
			sourceTree = "<group>";
		};
		15BB34321854D5520084C21D /* Frameworks */ = {
			isa = PBXGroup;
			children = (
				15BB34331854D5520084C21D /* Foundation.framework */,
				15BB34351854D5520084C21D /* CoreGraphics.framework */,
				15BB34371854D5520084C21D /* UIKit.framework */,
				15BB34521854D5520084C21D /* XCTest.framework */,
			);
			name = Frameworks;
			sourceTree = "<group>";
		};
		15BB34391854D5520084C21D /* iphone_new */ = {
			isa = PBXGroup;
			children = (
				15BB34421854D5520084C21D /* CQAppDelegate.h */,
				15BB34431854D5520084C21D /* CQAppDelegate.m */,
				15BB34451854D5520084C21D /* Main.storyboard */,
				15BB34481854D5520084C21D /* CQViewController.h */,
				15BB34491854D5520084C21D /* CQViewController.m */,
				15BB344B1854D5520084C21D /* Images.xcassets */,
				15BB343A1854D5520084C21D /* Supporting Files */,
			);
			path = iphone_new;
			sourceTree = "<group>";
		};
		15BB343A1854D5520084C21D /* Supporting Files */ = {
			isa = PBXGroup;
			children = (
				15BB343B1854D5520084C21D /* iphone_new-Info.plist */,
				15BB343C1854D5520084C21D /* InfoPlist.strings */,
				15BB343F1854D5520084C21D /* main.m */,
				15BB34411854D5520084C21D /* iphone_new-Prefix.pch */,
			);
			name = "Supporting Files";
			sourceTree = "<group>";
		};
		15BB34581854D5520084C21D /* iphone_newTests */ = {
			isa = PBXGroup;
			children = (
				15BB345E1854D5520084C21D /* iphone_newTests.m */,
				15BB34591854D5520084C21D /* Supporting Files */,
			);
			path = iphone_newTests;
			sourceTree = "<group>";
		};
		15BB34591854D5520084C21D /* Supporting Files */ = {
			isa = PBXGroup;
			children = (
				15BB345A1854D5520084C21D /* iphone_newTests-Info.plist */,
				15BB345B1854D5520084C21D /* InfoPlist.strings */,
			);
			name = "Supporting Files";
			sourceTree = "<group>";
		};
/* End PBXGroup section */

/* Begin PBXNativeTarget section */
		15BB342F1854D5520084C21D /* iphone_new */ = {
			isa = PBXNativeTarget;
			buildConfigurationList = 15BB34621854D5520084C21D /* Build configuration list for PBXNativeTarget "iphone_new" */;
			buildPhases = (
				15BB342C1854D5520084C21D /* Sources */,
				15BB342D1854D5520084C21D /* Frameworks */,
				15BB342E1854D5520084C21D /* Resources */,
			);
			buildRules = (
			);
			dependencies = (
			);
			name = iphone_new;
			productName = iphone_new;
			productReference = 15BB34301854D5520084C21D /* iphone_new.app */;
			productType = "com.apple.product-type.application";
		};
		15BB34501854D5520084C21D /* iphone_newTests */ = {
			isa = PBXNativeTarget;
			buildConfigurationList = 15BB34651854D5520084C21D /* Build configuration list for PBXNativeTarget "iphone_newTests" */;
			buildPhases = (
				15BB344D1854D5520084C21D /* Sources */,
				15BB344E1854D5520084C21D /* Frameworks */,
				15BB344F1854D5520084C21D /* Resources */,
			);
			buildRules = (
			);
			dependencies = (
				15BB34571854D5520084C21D /* PBXTargetDependency */,
			);
			name = iphone_newTests;
			productName = iphone_newTests;
			productReference = 15BB34511854D5520084C21D /* iphone_newTests.xctest */;
			productType = "com.apple.product-type.bundle.unit-test";
		};
/* End PBXNativeTarget section */

/* Begin PBXProject section */
		15BB34281854D5520084C21D /* Project object */ = {
			isa = PBXProject;
			attributes = {
				CLASSPREFIX = CQ;
				LastUpgradeCheck = 0500;
				ORGANIZATIONNAME = "mar Jinn";
				TargetAttributes = {
					15BB34501854D5520084C21D = {
						TestTargetID = 15BB342F1854D5520084C21D;
					};
				};
			};
			buildConfigurationList = 15BB342B1854D5520084C21D /* Build configuration list for PBXProject "iphone_new" */;
			compatibilityVersion = "Xcode 3.2";
			developmentRegion = English;
			hasScannedForEncodings = 0;
			knownRegions = (
				en,
				Base,
			);
			mainGroup = 15BB34271854D5520084C21D;
			productRefGroup = 15BB34311854D5520084C21D /* Products */;
			projectDirPath = "";
			projectRoot = "";
			targets = (
				15BB342F1854D5520084C21D /* iphone_new */,
				15BB34501854D5520084C21D /* iphone_newTests */,
			);
		};
/* End PBXProject section */

/* Begin PBXResourcesBuildPhase section */
		15BB342E1854D5520084C21D /* Resources */ = {
			isa = PBXResourcesBuildPhase;
			buildActionMask = 2147483647;
			files = (
				15BB344C1854D5520084C21D /* Images.xcassets in Resources */,
				15BB343E1854D5520084C21D /* InfoPlist.strings in Resources */,
				15BB34471854D5520084C21D /* Main.storyboard in Resources */,
			);
			runOnlyForDeploymentPostprocessing = 0;
		};
		15BB344F1854D5520084C21D /* Resources */ = {
			isa = PBXResourcesBuildPhase;
			buildActionMask = 2147483647;
			files = (
				15BB345D1854D5520084C21D /* InfoPlist.strings in Resources */,
			);
			runOnlyForDeploymentPostprocessing = 0;
		};
/* End PBXResourcesBuildPhase section */

/* Begin PBXSourcesBuildPhase section */
		15BB342C1854D5520084C21D /* Sources */ = {
			isa = PBXSourcesBuildPhase;
			buildActionMask = 2147483647;
			files = (
				15BB34441854D5520084C21D /* CQAppDelegate.m in Sources */,
				15BB34401854D5520084C21D /* main.m in Sources */,
				15BB344A1854D5520084C21D /* CQViewController.m in Sources */,
			);
			runOnlyForDeploymentPostprocessing = 0;
		};
		15BB344D1854D5520084C21D /* Sources */ = {
			isa = PBXSourcesBuildPhase;
			buildActionMask = 2147483647;
			files = (
				15BB345F1854D5520084C21D /* iphone_newTests.m in Sources */,
			);
			runOnlyForDeploymentPostprocessing = 0;
		};
/* End PBXSourcesBuildPhase section */

/* Begin PBXTargetDependency section */
		15BB34571854D5520084C21D /* PBXTargetDependency */ = {
			isa = PBXTargetDependency;
			target = 15BB342F1854D5520084C21D /* iphone_new */;
			targetProxy = 15BB34561854D5520084C21D /* PBXContainerItemProxy */;
		};
/* End PBXTargetDependency section */

/* Begin PBXVariantGroup section */
		15BB343C1854D5520084C21D /* InfoPlist.strings */ = {
			isa = PBXVariantGroup;
			children = (
				15BB343D1854D5520084C21D /* en */,
			);
			name = InfoPlist.strings;
			sourceTree = "<group>";
		};
		15BB34451854D5520084C21D /* Main.storyboard */ = {
			isa = PBXVariantGroup;
			children = (
				15BB34461854D5520084C21D /* Base */,
			);
			name = Main.storyboard;
			sourceTree = "<group>";
		};
		15BB345B1854D5520084C21D /* InfoPlist.strings */ = {
			isa = PBXVariantGroup;
			children = (
				15BB345C1854D5520084C21D /* en */,
			);
			name = InfoPlist.strings;
			sourceTree = "<group>";
		};
/* End PBXVariantGroup section */

/* Begin XCBuildConfiguration section */
		15BB34601854D5520084C21D /* Debug */ = {
			isa = XCBuildConfiguration;
			buildSettings = {
				ALWAYS_SEARCH_USER_PATHS = NO;
				ARCHS = "$(ARCHS_STANDARD_INCLUDING_64_BIT)";
				CLANG_CXX_LANGUAGE_STANDARD = "gnu++0x";
				CLANG_CXX_LIBRARY = "libc++";
				CLANG_ENABLE_MODULES = YES;
				CLANG_ENABLE_OBJC_ARC = YES;
				CLANG_WARN_BOOL_CONVERSION = YES;
				CLANG_WARN_CONSTANT_CONVERSION = YES;
				CLANG_WARN_DIRECT_OBJC_ISA_USAGE = YES_ERROR;
				CLANG_WARN_EMPTY_BODY = YES;
				CLANG_WARN_ENUM_CONVERSION = YES;
				CLANG_WARN_INT_CONVERSION = YES;
				CLANG_WARN_OBJC_ROOT_CLASS = YES_ERROR;
				CLANG_WARN__DUPLICATE_METHOD_MATCH = YES;
				"CODE_SIGN_IDENTITY[sdk=iphoneos*]" = "iPhone Developer";
				COPY_PHASE_STRIP = NO;
				GCC_C_LANGUAGE_STANDARD = gnu99;
				GCC_DYNAMIC_NO_PIC = NO;
				GCC_OPTIMIZATION_LEVEL = 0;
				GCC_PREPROCESSOR_DEFINITIONS = (
					"DEBUG=1",
					"$(inherited)",
				);
				GCC_SYMBOLS_PRIVATE_EXTERN = NO;
				GCC_WARN_64_TO_32_BIT_CONVERSION = YES;
				GCC_WARN_ABOUT_RETURN_TYPE = YES_ERROR;
				GCC_WARN_UNDECLARED_SELECTOR = YES;
				GCC_WARN_UNINITIALIZED_AUTOS = YES;
				GCC_WARN_UNUSED_FUNCTION = YES;
				GCC_WARN_UNUSED_VARIABLE = YES;
				IPHONEOS_DEPLOYMENT_TARGET = 7.0;
				ONLY_ACTIVE_ARCH = YES;
				SDKROOT = iphoneos;
			};
			name = Debug;
		};
		15BB34611854D5520084C21D /* Release */ = {
			isa = XCBuildConfiguration;
			buildSettings = {
				ALWAYS_SEARCH_USER_PATHS = NO;
				ARCHS = "$(ARCHS_STANDARD_INCLUDING_64_BIT)";
				CLANG_CXX_LANGUAGE_STANDARD = "gnu++0x";
				CLANG_CXX_LIBRARY = "libc++";
				CLANG_ENABLE_MODULES = YES;
				CLANG_ENABLE_OBJC_ARC = YES;
				CLANG_WARN_BOOL_CONVERSION = YES;
				CLANG_WARN_CONSTANT_CONVERSION = YES;
				CLANG_WARN_DIRECT_OBJC_ISA_USAGE = YES_ERROR;
				CLANG_WARN_EMPTY_BODY = YES;
				CLANG_WARN_ENUM_CONVERSION = YES;
				CLANG_WARN_INT_CONVERSION = YES;
				CLANG_WARN_OBJC_ROOT_CLASS = YES_ERROR;
				CLANG_WARN__DUPLICATE_METHOD_MATCH = YES;
				"CODE_SIGN_IDENTITY[sdk=iphoneos*]" = "iPhone Developer";
				COPY_PHASE_STRIP = YES;
				ENABLE_NS_ASSERTIONS = NO;
				GCC_C_LANGUAGE_STANDARD = gnu99;
				GCC_WARN_64_TO_32_BIT_CONVERSION = YES;
				GCC_WARN_ABOUT_RETURN_TYPE = YES_ERROR;
				GCC_WARN_UNDECLARED_SELECTOR = YES;
				GCC_WARN_UNINITIALIZED_AUTOS = YES;
				GCC_WARN_UNUSED_FUNCTION = YES;
				GCC_WARN_UNUSED_VARIABLE = YES;
				IPHONEOS_DEPLOYMENT_TARGET = 7.0;
				SDKROOT = iphoneos;
				VALIDATE_PRODUCT = YES;
			};
			name = Release;
		};
		15BB34631854D5520084C21D /* Debug */ = {
			isa = XCBuildConfiguration;
			buildSettings = {
				ASSETCATALOG_COMPILER_APPICON_NAME = AppIcon;
				ASSETCATALOG_COMPILER_LAUNCHIMAGE_NAME = LaunchImage;
				GCC_PRECOMPILE_PREFIX_HEADER = YES;
				GCC_PREFIX_HEADER = "iphone_new/iphone_new-Prefix.pch";
				INFOPLIST_FILE = "iphone_new/iphone_new-Info.plist";
				PRODUCT_NAME = "$(TARGET_NAME)";
				WRAPPER_EXTENSION = app;
			};
			name = Debug;
		};
		15BB34641854D5520084C21D /* Release */ = {
			isa = XCBuildConfiguration;
			buildSettings = {
				ASSETCATALOG_COMPILER_APPICON_NAME = AppIcon;
				ASSETCATALOG_COMPILER_LAUNCHIMAGE_NAME = LaunchImage;
				GCC_PRECOMPILE_PREFIX_HEADER = YES;
				GCC_PREFIX_HEADER = "iphone_new/iphone_new-Prefix.pch";
				INFOPLIST_FILE = "iphone_new/iphone_new-Info.plist";
				PRODUCT_NAME = "$(TARGET_NAME)";
				WRAPPER_EXTENSION = app;
			};
			name = Release;
		};
		15BB34661854D5520084C21D /* Debug */ = {
			isa = XCBuildConfiguration;
			buildSettings = {
				ARCHS = "$(ARCHS_STANDARD_INCLUDING_64_BIT)";
				BUNDLE_LOADER = "$(BUILT_PRODUCTS_DIR)/iphone_new.app/iphone_new";
				FRAMEWORK_SEARCH_PATHS = (
					"$(SDKROOT)/Developer/Library/Frameworks",
					"$(inherited)",
					"$(DEVELOPER_FRAMEWORKS_DIR)",
				);
				GCC_PRECOMPILE_PREFIX_HEADER = YES;
				GCC_PREFIX_HEADER = "iphone_new/iphone_new-Prefix.pch";
				GCC_PREPROCESSOR_DEFINITIONS = (
					"DEBUG=1",
					"$(inherited)",
				);
				INFOPLIST_FILE = "iphone_newTests/iphone_newTests-Info.plist";
				PRODUCT_NAME = "$(TARGET_NAME)";
				TEST_HOST = "$(BUNDLE_LOADER)";
				WRAPPER_EXTENSION = xctest;
			};
			name = Debug;
		};
		15BB34671854D5520084C21D /* Release */ = {
			isa = XCBuildConfiguration;
			buildSettings = {
				ARCHS = "$(ARCHS_STANDARD_INCLUDING_64_BIT)";
				BUNDLE_LOADER = "$(BUILT_PRODUCTS_DIR)/iphone_new.app/iphone_new";
				FRAMEWORK_SEARCH_PATHS = (
					"$(SDKROOT)/Developer/Library/Frameworks",
					"$(inherited)",
					"$(DEVELOPER_FRAMEWORKS_DIR)",
				);
				GCC_PRECOMPILE_PREFIX_HEADER = YES;
				GCC_PREFIX_HEADER = "iphone_new/iphone_new-Prefix.pch";
				INFOPLIST_FILE = "iphone_newTests/iphone_newTests-Info.plist";
				PRODUCT_NAME = "$(TARGET_NAME)";
				TEST_HOST = "$(BUNDLE_LOADER)";
				WRAPPER_EXTENSION = xctest;
			};
			name = Release;
		};
/* End XCBuildConfiguration section */

/* Begin XCConfigurationList section */
		15BB342B1854D5520084C21D /* Build configuration list for PBXProject "iphone_new" */ = {
			isa = XCConfigurationList;
			buildConfigurations = (
				15BB34601854D5520084C21D /* Debug */,
				15BB34611854D5520084C21D /* Release */,
			);
			defaultConfigurationIsVisible = 0;
			defaultConfigurationName = Release;
		};
		15BB34621854D5520084C21D /* Build configuration list for PBXNativeTarget "iphone_new" */ = {
			isa = XCConfigurationList;
			buildConfigurations = (
				15BB34631854D5520084C21D /* Debug */,
				15BB34641854D5520084C21D /* Release */,
			);
			defaultConfigurationIsVisible = 0;
		};
		15BB34651854D5520084C21D /* Build configuration list for PBXNativeTarget "iphone_newTests" */ = {
			isa = XCConfigurationList;
			buildConfigurations = (
				15BB34661854D5520084C21D /* Debug */,
				15BB34671854D5520084C21D /* Release */,
			);
			defaultConfigurationIsVisible = 0;
		};
/* End XCConfigurationList section */
	};
	rootObject = 15BB34281854D5520084C21D /* Project object */;
}
