// !$*UTF8*$!
{
	archiveVersion = 1;
	classes = {
	};
	objectVersion = 46;
	objects = {

/* Begin PBXBuildFile section */
		15BB34E61855171C0084C21D /* Foundation.framework in Frameworks */ = {isa = PBXBuildFile; fileRef = 15BB34E51855171C0084C21D /* Foundation.framework */; };
		15BB34E81855171D0084C21D /* CoreGraphics.framework in Frameworks */ = {isa = PBXBuildFile; fileRef = 15BB34E71855171D0084C21D /* CoreGraphics.framework */; };
		15BB34EA1855171D0084C21D /* UIKit.framework in Frameworks */ = {isa = PBXBuildFile; fileRef = 15BB34E91855171D0084C21D /* UIKit.framework */; };
		15BB34EC1855171D0084C21D /* CoreData.framework in Frameworks */ = {isa = PBXBuildFile; fileRef = 15BB34EB1855171D0084C21D /* CoreData.framework */; };
		15BB34F21855171D0084C21D /* InfoPlist.strings in Resources */ = {isa = PBXBuildFile; fileRef = 15BB34F01855171D0084C21D /* InfoPlist.strings */; };
		15BB34F41855171D0084C21D /* main.m in Sources */ = {isa = PBXBuildFile; fileRef = 15BB34F31855171D0084C21D /* main.m */; };
		15BB34F81855171D0084C21D /* CQAppDelegate.m in Sources */ = {isa = PBXBuildFile; fileRef = 15BB34F71855171D0084C21D /* CQAppDelegate.m */; };
		15BB34FB1855171D0084C21D /* Main.storyboard in Resources */ = {isa = PBXBuildFile; fileRef = 15BB34F91855171D0084C21D /* Main.storyboard */; };
		15BB34FE1855171D0084C21D /* CoreDataLearning.xcdatamodeld in Sources */ = {isa = PBXBuildFile; fileRef = 15BB34FC1855171D0084C21D /* CoreDataLearning.xcdatamodeld */; };
		15BB35011855171D0084C21D /* CQMasterViewController.m in Sources */ = {isa = PBXBuildFile; fileRef = 15BB35001855171D0084C21D /* CQMasterViewController.m */; };
		15BB35041855171D0084C21D /* CQDetailViewController.m in Sources */ = {isa = PBXBuildFile; fileRef = 15BB35031855171D0084C21D /* CQDetailViewController.m */; };
		15BB35061855171D0084C21D /* Images.xcassets in Resources */ = {isa = PBXBuildFile; fileRef = 15BB35051855171D0084C21D /* Images.xcassets */; };
		15BB350D1855171D0084C21D /* XCTest.framework in Frameworks */ = {isa = PBXBuildFile; fileRef = 15BB350C1855171D0084C21D /* XCTest.framework */; };
		15BB350E1855171D0084C21D /* Foundation.framework in Frameworks */ = {isa = PBXBuildFile; fileRef = 15BB34E51855171C0084C21D /* Foundation.framework */; };
		15BB350F1855171D0084C21D /* UIKit.framework in Frameworks */ = {isa = PBXBuildFile; fileRef = 15BB34E91855171D0084C21D /* UIKit.framework */; };
		15BB35101855171E0084C21D /* CoreData.framework in Frameworks */ = {isa = PBXBuildFile; fileRef = 15BB34EB1855171D0084C21D /* CoreData.framework */; };
		15BB35181855171E0084C21D /* InfoPlist.strings in Resources */ = {isa = PBXBuildFile; fileRef = 15BB35161855171E0084C21D /* InfoPlist.strings */; };
		15BB351A1855171E0084C21D /* CoreDataLearningTests.m in Sources */ = {isa = PBXBuildFile; fileRef = 15BB35191855171E0084C21D /* CoreDataLearningTests.m */; };
/* End PBXBuildFile section */

/* Begin PBXContainerItemProxy section */
		15BB35111855171E0084C21D /* PBXContainerItemProxy */ = {
			isa = PBXContainerItemProxy;
			containerPortal = 15BB34DA1855171C0084C21D /* Project object */;
			proxyType = 1;
			remoteGlobalIDString = 15BB34E11855171C0084C21D;
			remoteInfo = CoreDataLearning;
		};
/* End PBXContainerItemProxy section */

/* Begin PBXFileReference section */
		15BB34E21855171C0084C21D /* CoreDataLearning.app */ = {isa = PBXFileReference; explicitFileType = wrapper.application; includeInIndex = 0; path = CoreDataLearning.app; sourceTree = BUILT_PRODUCTS_DIR; };
		15BB34E51855171C0084C21D /* Foundation.framework */ = {isa = PBXFileReference; lastKnownFileType = wrapper.framework; name = Foundation.framework; path = System/Library/Frameworks/Foundation.framework; sourceTree = SDKROOT; };
		15BB34E71855171D0084C21D /* CoreGraphics.framework */ = {isa = PBXFileReference; lastKnownFileType = wrapper.framework; name = CoreGraphics.framework; path = System/Library/Frameworks/CoreGraphics.framework; sourceTree = SDKROOT; };
		15BB34E91855171D0084C21D /* UIKit.framework */ = {isa = PBXFileReference; lastKnownFileType = wrapper.framework; name = UIKit.framework; path = System/Library/Frameworks/UIKit.framework; sourceTree = SDKROOT; };
		15BB34EB1855171D0084C21D /* CoreData.framework */ = {isa = PBXFileReference; lastKnownFileType = wrapper.framework; name = CoreData.framework; path = System/Library/Frameworks/CoreData.framework; sourceTree = SDKROOT; };
		15BB34EF1855171D0084C21D /* CoreDataLearning-Info.plist */ = {isa = PBXFileReference; lastKnownFileType = text.plist.xml; path = "CoreDataLearning-Info.plist"; sourceTree = "<group>"; };
		15BB34F11855171D0084C21D /* en */ = {isa = PBXFileReference; lastKnownFileType = text.plist.strings; name = en; path = en.lproj/InfoPlist.strings; sourceTree = "<group>"; };
		15BB34F31855171D0084C21D /* main.m */ = {isa = PBXFileReference; lastKnownFileType = sourcecode.c.objc; path = main.m; sourceTree = "<group>"; };
		15BB34F51855171D0084C21D /* CoreDataLearning-Prefix.pch */ = {isa = PBXFileReference; lastKnownFileType = sourcecode.c.h; path = "CoreDataLearning-Prefix.pch"; sourceTree = "<group>"; };
		15BB34F61855171D0084C21D /* CQAppDelegate.h */ = {isa = PBXFileReference; lastKnownFileType = sourcecode.c.h; path = CQAppDelegate.h; sourceTree = "<group>"; };
		15BB34F71855171D0084C21D /* CQAppDelegate.m */ = {isa = PBXFileReference; lastKnownFileType = sourcecode.c.objc; path = CQAppDelegate.m; sourceTree = "<group>"; };
		15BB34FA1855171D0084C21D /* Base */ = {isa = PBXFileReference; lastKnownFileType = file.storyboard; name = Base; path = Base.lproj/Main.storyboard; sourceTree = "<group>"; };
		15BB34FD1855171D0084C21D /* CoreDataLearning.xcdatamodel */ = {isa = PBXFileReference; lastKnownFileType = wrapper.xcdatamodel; path = CoreDataLearning.xcdatamodel; sourceTree = "<group>"; };
		15BB34FF1855171D0084C21D /* CQMasterViewController.h */ = {isa = PBXFileReference; lastKnownFileType = sourcecode.c.h; path = CQMasterViewController.h; sourceTree = "<group>"; };
		15BB35001855171D0084C21D /* CQMasterViewController.m */ = {isa = PBXFileReference; lastKnownFileType = sourcecode.c.objc; path = CQMasterViewController.m; sourceTree = "<group>"; };
		15BB35021855171D0084C21D /* CQDetailViewController.h */ = {isa = PBXFileReference; lastKnownFileType = sourcecode.c.h; path = CQDetailViewController.h; sourceTree = "<group>"; };
		15BB35031855171D0084C21D /* CQDetailViewController.m */ = {isa = PBXFileReference; lastKnownFileType = sourcecode.c.objc; path = CQDetailViewController.m; sourceTree = "<group>"; };
		15BB35051855171D0084C21D /* Images.xcassets */ = {isa = PBXFileReference; lastKnownFileType = folder.assetcatalog; path = Images.xcassets; sourceTree = "<group>"; };
		15BB350B1855171D0084C21D /* CoreDataLearningTests.xctest */ = {isa = PBXFileReference; explicitFileType = wrapper.cfbundle; includeInIndex = 0; path = CoreDataLearningTests.xctest; sourceTree = BUILT_PRODUCTS_DIR; };
		15BB350C1855171D0084C21D /* XCTest.framework */ = {isa = PBXFileReference; lastKnownFileType = wrapper.framework; name = XCTest.framework; path = Library/Frameworks/XCTest.framework; sourceTree = DEVELOPER_DIR; };
		15BB35151855171E0084C21D /* CoreDataLearningTests-Info.plist */ = {isa = PBXFileReference; lastKnownFileType = text.plist.xml; path = "CoreDataLearningTests-Info.plist"; sourceTree = "<group>"; };
		15BB35171855171E0084C21D /* en */ = {isa = PBXFileReference; lastKnownFileType = text.plist.strings; name = en; path = en.lproj/InfoPlist.strings; sourceTree = "<group>"; };
		15BB35191855171E0084C21D /* CoreDataLearningTests.m */ = {isa = PBXFileReference; lastKnownFileType = sourcecode.c.objc; path = CoreDataLearningTests.m; sourceTree = "<group>"; };
/* End PBXFileReference section */

/* Begin PBXFrameworksBuildPhase section */
		15BB34DF1855171C0084C21D /* Frameworks */ = {
			isa = PBXFrameworksBuildPhase;
			buildActionMask = 2147483647;
			files = (
				15BB34E81855171D0084C21D /* CoreGraphics.framework in Frameworks */,
				15BB34EC1855171D0084C21D /* CoreData.framework in Frameworks */,
				15BB34EA1855171D0084C21D /* UIKit.framework in Frameworks */,
				15BB34E61855171C0084C21D /* Foundation.framework in Frameworks */,
			);
			runOnlyForDeploymentPostprocessing = 0;
		};
		15BB35081855171D0084C21D /* Frameworks */ = {
			isa = PBXFrameworksBuildPhase;
			buildActionMask = 2147483647;
			files = (
				15BB350D1855171D0084C21D /* XCTest.framework in Frameworks */,
				15BB35101855171E0084C21D /* CoreData.framework in Frameworks */,
				15BB350F1855171D0084C21D /* UIKit.framework in Frameworks */,
				15BB350E1855171D0084C21D /* Foundation.framework in Frameworks */,
			);
			runOnlyForDeploymentPostprocessing = 0;
		};
/* End PBXFrameworksBuildPhase section */

/* Begin PBXGroup section */
		15BB34D91855171C0084C21D = {
			isa = PBXGroup;
			children = (
				15BB34ED1855171D0084C21D /* CoreDataLearning */,
				15BB35131855171E0084C21D /* CoreDataLearningTests */,
				15BB34E41855171C0084C21D /* Frameworks */,
				15BB34E31855171C0084C21D /* Products */,
			);
			sourceTree = "<group>";
		};
		15BB34E31855171C0084C21D /* Products */ = {
			isa = PBXGroup;
			children = (
				15BB34E21855171C0084C21D /* CoreDataLearning.app */,
				15BB350B1855171D0084C21D /* CoreDataLearningTests.xctest */,
			);
			name = Products;
			sourceTree = "<group>";
		};
		15BB34E41855171C0084C21D /* Frameworks */ = {
			isa = PBXGroup;
			children = (
				15BB34E51855171C0084C21D /* Foundation.framework */,
				15BB34E71855171D0084C21D /* CoreGraphics.framework */,
				15BB34E91855171D0084C21D /* UIKit.framework */,
				15BB34EB1855171D0084C21D /* CoreData.framework */,
				15BB350C1855171D0084C21D /* XCTest.framework */,
			);
			name = Frameworks;
			sourceTree = "<group>";
		};
		15BB34ED1855171D0084C21D /* CoreDataLearning */ = {
			isa = PBXGroup;
			children = (
				15BB34F61855171D0084C21D /* CQAppDelegate.h */,
				15BB34F71855171D0084C21D /* CQAppDelegate.m */,
				15BB34F91855171D0084C21D /* Main.storyboard */,
				15BB34FF1855171D0084C21D /* CQMasterViewController.h */,
				15BB35001855171D0084C21D /* CQMasterViewController.m */,
				15BB35021855171D0084C21D /* CQDetailViewController.h */,
				15BB35031855171D0084C21D /* CQDetailViewController.m */,
				15BB35051855171D0084C21D /* Images.xcassets */,
				15BB34FC1855171D0084C21D /* CoreDataLearning.xcdatamodeld */,
				15BB34EE1855171D0084C21D /* Supporting Files */,
			);
			path = CoreDataLearning;
			sourceTree = "<group>";
		};
		15BB34EE1855171D0084C21D /* Supporting Files */ = {
			isa = PBXGroup;
			children = (
				15BB34EF1855171D0084C21D /* CoreDataLearning-Info.plist */,
				15BB34F01855171D0084C21D /* InfoPlist.strings */,
				15BB34F31855171D0084C21D /* main.m */,
				15BB34F51855171D0084C21D /* CoreDataLearning-Prefix.pch */,
			);
			name = "Supporting Files";
			sourceTree = "<group>";
		};
		15BB35131855171E0084C21D /* CoreDataLearningTests */ = {
			isa = PBXGroup;
			children = (
				15BB35191855171E0084C21D /* CoreDataLearningTests.m */,
				15BB35141855171E0084C21D /* Supporting Files */,
			);
			path = CoreDataLearningTests;
			sourceTree = "<group>";
		};
		15BB35141855171E0084C21D /* Supporting Files */ = {
			isa = PBXGroup;
			children = (
				15BB35151855171E0084C21D /* CoreDataLearningTests-Info.plist */,
				15BB35161855171E0084C21D /* InfoPlist.strings */,
			);
			name = "Supporting Files";
			sourceTree = "<group>";
		};
/* End PBXGroup section */

/* Begin PBXNativeTarget section */
		15BB34E11855171C0084C21D /* CoreDataLearning */ = {
			isa = PBXNativeTarget;
			buildConfigurationList = 15BB351D1855171E0084C21D /* Build configuration list for PBXNativeTarget "CoreDataLearning" */;
			buildPhases = (
				15BB34DE1855171C0084C21D /* Sources */,
				15BB34DF1855171C0084C21D /* Frameworks */,
				15BB34E01855171C0084C21D /* Resources */,
			);
			buildRules = (
			);
			dependencies = (
			);
			name = CoreDataLearning;
			productName = CoreDataLearning;
			productReference = 15BB34E21855171C0084C21D /* CoreDataLearning.app */;
			productType = "com.apple.product-type.application";
		};
		15BB350A1855171D0084C21D /* CoreDataLearningTests */ = {
			isa = PBXNativeTarget;
			buildConfigurationList = 15BB35201855171E0084C21D /* Build configuration list for PBXNativeTarget "CoreDataLearningTests" */;
			buildPhases = (
				15BB35071855171D0084C21D /* Sources */,
				15BB35081855171D0084C21D /* Frameworks */,
				15BB35091855171D0084C21D /* Resources */,
			);
			buildRules = (
			);
			dependencies = (
				15BB35121855171E0084C21D /* PBXTargetDependency */,
			);
			name = CoreDataLearningTests;
			productName = CoreDataLearningTests;
			productReference = 15BB350B1855171D0084C21D /* CoreDataLearningTests.xctest */;
			productType = "com.apple.product-type.bundle.unit-test";
		};
/* End PBXNativeTarget section */

/* Begin PBXProject section */
		15BB34DA1855171C0084C21D /* Project object */ = {
			isa = PBXProject;
			attributes = {
				CLASSPREFIX = CQ;
				LastUpgradeCheck = 0500;
				ORGANIZATIONNAME = "mar Jinn";
				TargetAttributes = {
					15BB350A1855171D0084C21D = {
						TestTargetID = 15BB34E11855171C0084C21D;
					};
				};
			};
			buildConfigurationList = 15BB34DD1855171C0084C21D /* Build configuration list for PBXProject "CoreDataLearning" */;
			compatibilityVersion = "Xcode 3.2";
			developmentRegion = English;
			hasScannedForEncodings = 0;
			knownRegions = (
				en,
				Base,
			);
			mainGroup = 15BB34D91855171C0084C21D;
			productRefGroup = 15BB34E31855171C0084C21D /* Products */;
			projectDirPath = "";
			projectRoot = "";
			targets = (
				15BB34E11855171C0084C21D /* CoreDataLearning */,
				15BB350A1855171D0084C21D /* CoreDataLearningTests */,
			);
		};
/* End PBXProject section */

/* Begin PBXResourcesBuildPhase section */
		15BB34E01855171C0084C21D /* Resources */ = {
			isa = PBXResourcesBuildPhase;
			buildActionMask = 2147483647;
			files = (
				15BB35061855171D0084C21D /* Images.xcassets in Resources */,
				15BB34F21855171D0084C21D /* InfoPlist.strings in Resources */,
				15BB34FB1855171D0084C21D /* Main.storyboard in Resources */,
			);
			runOnlyForDeploymentPostprocessing = 0;
		};
		15BB35091855171D0084C21D /* Resources */ = {
			isa = PBXResourcesBuildPhase;
			buildActionMask = 2147483647;
			files = (
				15BB35181855171E0084C21D /* InfoPlist.strings in Resources */,
			);
			runOnlyForDeploymentPostprocessing = 0;
		};
/* End PBXResourcesBuildPhase section */

/* Begin PBXSourcesBuildPhase section */
		15BB34DE1855171C0084C21D /* Sources */ = {
			isa = PBXSourcesBuildPhase;
			buildActionMask = 2147483647;
			files = (
				15BB34F81855171D0084C21D /* CQAppDelegate.m in Sources */,
				15BB34FE1855171D0084C21D /* CoreDataLearning.xcdatamodeld in Sources */,
				15BB35041855171D0084C21D /* CQDetailViewController.m in Sources */,
				15BB35011855171D0084C21D /* CQMasterViewController.m in Sources */,
				15BB34F41855171D0084C21D /* main.m in Sources */,
			);
			runOnlyForDeploymentPostprocessing = 0;
		};
		15BB35071855171D0084C21D /* Sources */ = {
			isa = PBXSourcesBuildPhase;
			buildActionMask = 2147483647;
			files = (
				15BB351A1855171E0084C21D /* CoreDataLearningTests.m in Sources */,
			);
			runOnlyForDeploymentPostprocessing = 0;
		};
/* End PBXSourcesBuildPhase section */

/* Begin PBXTargetDependency section */
		15BB35121855171E0084C21D /* PBXTargetDependency */ = {
			isa = PBXTargetDependency;
			target = 15BB34E11855171C0084C21D /* CoreDataLearning */;
			targetProxy = 15BB35111855171E0084C21D /* PBXContainerItemProxy */;
		};
/* End PBXTargetDependency section */

/* Begin PBXVariantGroup section */
		15BB34F01855171D0084C21D /* InfoPlist.strings */ = {
			isa = PBXVariantGroup;
			children = (
				15BB34F11855171D0084C21D /* en */,
			);
			name = InfoPlist.strings;
			sourceTree = "<group>";
		};
		15BB34F91855171D0084C21D /* Main.storyboard */ = {
			isa = PBXVariantGroup;
			children = (
				15BB34FA1855171D0084C21D /* Base */,
			);
			name = Main.storyboard;
			sourceTree = "<group>";
		};
		15BB35161855171E0084C21D /* InfoPlist.strings */ = {
			isa = PBXVariantGroup;
			children = (
				15BB35171855171E0084C21D /* en */,
			);
			name = InfoPlist.strings;
			sourceTree = "<group>";
		};
/* End PBXVariantGroup section */

/* Begin XCBuildConfiguration section */
		15BB351B1855171E0084C21D /* Debug */ = {
			isa = XCBuildConfiguration;
			buildSettings = {
				ALWAYS_SEARCH_USER_PATHS = NO;
				ARCHS = "$(ARCHS_STANDARD_INCLUDING_64_BIT)";
				CLANG_CXX_LANGUAGE_STANDARD = "gnu++0x";
				CLANG_CXX_LIBRARY = "libc++";
				CLANG_ENABLE_MODULES = YES;
				CLANG_ENABLE_OBJC_ARC = YES;
				CLANG_WARN_BOOL_CONVERSION = YES;
				CLANG_WARN_CONSTANT_CONVERSION = YES;
				CLANG_WARN_DIRECT_OBJC_ISA_USAGE = YES_ERROR;
				CLANG_WARN_EMPTY_BODY = YES;
				CLANG_WARN_ENUM_CONVERSION = YES;
				CLANG_WARN_INT_CONVERSION = YES;
				CLANG_WARN_OBJC_ROOT_CLASS = YES_ERROR;
				CLANG_WARN__DUPLICATE_METHOD_MATCH = YES;
				"CODE_SIGN_IDENTITY[sdk=iphoneos*]" = "iPhone Developer";
				COPY_PHASE_STRIP = NO;
				GCC_C_LANGUAGE_STANDARD = gnu99;
				GCC_DYNAMIC_NO_PIC = NO;
				GCC_OPTIMIZATION_LEVEL = 0;
				GCC_PREPROCESSOR_DEFINITIONS = (
					"DEBUG=1",
					"$(inherited)",
				);
				GCC_SYMBOLS_PRIVATE_EXTERN = NO;
				GCC_WARN_64_TO_32_BIT_CONVERSION = YES;
				GCC_WARN_ABOUT_RETURN_TYPE = YES_ERROR;
				GCC_WARN_UNDECLARED_SELECTOR = YES;
				GCC_WARN_UNINITIALIZED_AUTOS = YES;
				GCC_WARN_UNUSED_FUNCTION = YES;
				GCC_WARN_UNUSED_VARIABLE = YES;
				IPHONEOS_DEPLOYMENT_TARGET = 7.0;
				ONLY_ACTIVE_ARCH = YES;
				SDKROOT = iphoneos;
			};
			name = Debug;
		};
		15BB351C1855171E0084C21D /* Release */ = {
			isa = XCBuildConfiguration;
			buildSettings = {
				ALWAYS_SEARCH_USER_PATHS = NO;
				ARCHS = "$(ARCHS_STANDARD_INCLUDING_64_BIT)";
				CLANG_CXX_LANGUAGE_STANDARD = "gnu++0x";
				CLANG_CXX_LIBRARY = "libc++";
				CLANG_ENABLE_MODULES = YES;
				CLANG_ENABLE_OBJC_ARC = YES;
				CLANG_WARN_BOOL_CONVERSION = YES;
				CLANG_WARN_CONSTANT_CONVERSION = YES;
				CLANG_WARN_DIRECT_OBJC_ISA_USAGE = YES_ERROR;
				CLANG_WARN_EMPTY_BODY = YES;
				CLANG_WARN_ENUM_CONVERSION = YES;
				CLANG_WARN_INT_CONVERSION = YES;
				CLANG_WARN_OBJC_ROOT_CLASS = YES_ERROR;
				CLANG_WARN__DUPLICATE_METHOD_MATCH = YES;
				"CODE_SIGN_IDENTITY[sdk=iphoneos*]" = "iPhone Developer";
				COPY_PHASE_STRIP = YES;
				ENABLE_NS_ASSERTIONS = NO;
				GCC_C_LANGUAGE_STANDARD = gnu99;
				GCC_WARN_64_TO_32_BIT_CONVERSION = YES;
				GCC_WARN_ABOUT_RETURN_TYPE = YES_ERROR;
				GCC_WARN_UNDECLARED_SELECTOR = YES;
				GCC_WARN_UNINITIALIZED_AUTOS = YES;
				GCC_WARN_UNUSED_FUNCTION = YES;
				GCC_WARN_UNUSED_VARIABLE = YES;
				IPHONEOS_DEPLOYMENT_TARGET = 7.0;
				SDKROOT = iphoneos;
				VALIDATE_PRODUCT = YES;
			};
			name = Release;
		};
		15BB351E1855171E0084C21D /* Debug */ = {
			isa = XCBuildConfiguration;
			buildSettings = {
				ASSETCATALOG_COMPILER_APPICON_NAME = AppIcon;
				ASSETCATALOG_COMPILER_LAUNCHIMAGE_NAME = LaunchImage;
				GCC_PRECOMPILE_PREFIX_HEADER = YES;
				GCC_PREFIX_HEADER = "CoreDataLearning/CoreDataLearning-Prefix.pch";
				INFOPLIST_FILE = "CoreDataLearning/CoreDataLearning-Info.plist";
				PRODUCT_NAME = "$(TARGET_NAME)";
				WRAPPER_EXTENSION = app;
			};
			name = Debug;
		};
		15BB351F1855171E0084C21D /* Release */ = {
			isa = XCBuildConfiguration;
			buildSettings = {
				ASSETCATALOG_COMPILER_APPICON_NAME = AppIcon;
				ASSETCATALOG_COMPILER_LAUNCHIMAGE_NAME = LaunchImage;
				GCC_PRECOMPILE_PREFIX_HEADER = YES;
				GCC_PREFIX_HEADER = "CoreDataLearning/CoreDataLearning-Prefix.pch";
				INFOPLIST_FILE = "CoreDataLearning/CoreDataLearning-Info.plist";
				PRODUCT_NAME = "$(TARGET_NAME)";
				WRAPPER_EXTENSION = app;
			};
			name = Release;
		};
		15BB35211855171E0084C21D /* Debug */ = {
			isa = XCBuildConfiguration;
			buildSettings = {
				ARCHS = "$(ARCHS_STANDARD_INCLUDING_64_BIT)";
				BUNDLE_LOADER = "$(BUILT_PRODUCTS_DIR)/CoreDataLearning.app/CoreDataLearning";
				FRAMEWORK_SEARCH_PATHS = (
					"$(SDKROOT)/Developer/Library/Frameworks",
					"$(inherited)",
					"$(DEVELOPER_FRAMEWORKS_DIR)",
				);
				GCC_PRECOMPILE_PREFIX_HEADER = YES;
				GCC_PREFIX_HEADER = "CoreDataLearning/CoreDataLearning-Prefix.pch";
				GCC_PREPROCESSOR_DEFINITIONS = (
					"DEBUG=1",
					"$(inherited)",
				);
				INFOPLIST_FILE = "CoreDataLearningTests/CoreDataLearningTests-Info.plist";
				PRODUCT_NAME = "$(TARGET_NAME)";
				TEST_HOST = "$(BUNDLE_LOADER)";
				WRAPPER_EXTENSION = xctest;
			};
			name = Debug;
		};
		15BB35221855171E0084C21D /* Release */ = {
			isa = XCBuildConfiguration;
			buildSettings = {
				ARCHS = "$(ARCHS_STANDARD_INCLUDING_64_BIT)";
				BUNDLE_LOADER = "$(BUILT_PRODUCTS_DIR)/CoreDataLearning.app/CoreDataLearning";
				FRAMEWORK_SEARCH_PATHS = (
					"$(SDKROOT)/Developer/Library/Frameworks",
					"$(inherited)",
					"$(DEVELOPER_FRAMEWORKS_DIR)",
				);
				GCC_PRECOMPILE_PREFIX_HEADER = YES;
				GCC_PREFIX_HEADER = "CoreDataLearning/CoreDataLearning-Prefix.pch";
				INFOPLIST_FILE = "CoreDataLearningTests/CoreDataLearningTests-Info.plist";
				PRODUCT_NAME = "$(TARGET_NAME)";
				TEST_HOST = "$(BUNDLE_LOADER)";
				WRAPPER_EXTENSION = xctest;
			};
			name = Release;
		};
/* End XCBuildConfiguration section */

/* Begin XCConfigurationList section */
		15BB34DD1855171C0084C21D /* Build configuration list for PBXProject "CoreDataLearning" */ = {
			isa = XCConfigurationList;
			buildConfigurations = (
				15BB351B1855171E0084C21D /* Debug */,
				15BB351C1855171E0084C21D /* Release */,
			);
			defaultConfigurationIsVisible = 0;
			defaultConfigurationName = Release;
		};
		15BB351D1855171E0084C21D /* Build configuration list for PBXNativeTarget "CoreDataLearning" */ = {
			isa = XCConfigurationList;
			buildConfigurations = (
				15BB351E1855171E0084C21D /* Debug */,
				15BB351F1855171E0084C21D /* Release */,
			);
			defaultConfigurationIsVisible = 0;
		};
		15BB35201855171E0084C21D /* Build configuration list for PBXNativeTarget "CoreDataLearningTests" */ = {
			isa = XCConfigurationList;
			buildConfigurations = (
				15BB35211855171E0084C21D /* Debug */,
				15BB35221855171E0084C21D /* Release */,
			);
			defaultConfigurationIsVisible = 0;
		};
/* End XCConfigurationList section */

/* Begin XCVersionGroup section */
		15BB34FC1855171D0084C21D /* CoreDataLearning.xcdatamodeld */ = {
			isa = XCVersionGroup;
			children = (
				15BB34FD1855171D0084C21D /* CoreDataLearning.xcdatamodel */,
			);
			currentVersion = 15BB34FD1855171D0084C21D /* CoreDataLearning.xcdatamodel */;
			path = CoreDataLearning.xcdatamodeld;
			sourceTree = "<group>";
			versionGroupType = wrapper.xcdatamodel;
		};
/* End XCVersionGroup section */
	};
	rootObject = 15BB34DA1855171C0084C21D /* Project object */;
}
